<Solution>
  <Project Path="../APIGateway/APIGateway.csproj" Id="69ac65a2-1771-42e7-98d6-a4028c20702b" />
  <Project Path="../Gateway/Gateway.csproj" />
  <Project Path="../ProductService/CatalogService.csproj" />
  <Project Path="../ReportingService/ReportingService.csproj" Id="ed7de56b-bfec-4fcf-944f-82de1fce6d8e" />
  <Project Path="../Shared.Contracts/Shared.Contracts.csproj" Id="4c42a00c-12fb-44ed-9ab0-53cc5d8e6cf7" />
  <Project Path="../WorkflowService/WorkflowService.csproj" />
  <Project Path="Auth.csproj" />
</Solution>
